
Microsoft Visual Studio Solution File, Format Version 12.00
# Visual Studio Version 17
VisualStudioVersion = 17.1.32421.90
MinimumVisualStudioVersion = 10.0.40219.1
Project("{FAE04EC0-301F-11D3-BF4B-00C04F79EFBC}") = "DevAndTechBlogz", "DevAndTechBlogz\DevAndTechBlogz.csproj", "{BEA7F6CE-F667-4108-B894-FD719AC219C6}"
EndProject
Global
	GlobalSection(SolutionConfigurationPlatforms) = preSolution
		Debug|Any CPU = Debug|Any CPU
		Release|Any CPU = Release|Any CPU
	EndGlobalSection
	GlobalSection(ProjectConfigurationPlatforms) = postSolution
		{BEA7F6CE-F667-4108-B894-FD719AC219C6}.Debug|Any CPU.ActiveCfg = Debug|Any CPU
		{BEA7F6CE-F667-4108-B894-FD719AC219C6}.Debug|Any CPU.Build.0 = Debug|Any CPU
		{BEA7F6CE-F667-4108-B894-FD719AC219C6}.Release|Any CPU.ActiveCfg = Release|Any CPU
		{BEA7F6CE-F667-4108-B894-FD719AC219C6}.Release|Any CPU.Build.0 = Release|Any CPU
	EndGlobalSection
	GlobalSection(SolutionProperties) = preSolution
		HideSolutionNode = FALSE
	EndGlobalSection
	GlobalSection(ExtensibilityGlobals) = postSolution
		SolutionGuid = {E3AD35B2-1B49-4A76-B4C4-A7C8CEBAFDA6}
	EndGlobalSection
EndGlobal
